
Microsoft Visual Studio Solution File, Format Version 12.00
# Visual Studio 15
VisualStudioVersion = 15.0.28010.2026
MinimumVisualStudioVersion = 10.0.40219.1
Project("{8BC9CEB8-8B4A-11D0-8D11-00A0C91BC942}") = "14499", "mynew\mynew.vcxproj", "{677FBF26-A361-44AC-8595-7E044F19122E}"
EndProject
Project("{8BC9CEB8-8B4A-11D0-8D11-00A0C91BC942}") = "16234", "16234\ConsoleApplication1.vcxproj", "{E96C95D5-36EA-45EC-8D96-CFB6025E9883}"
EndProject
Project("{8BC9CEB8-8B4A-11D0-8D11-00A0C91BC942}") = "16236", "16236\ConsoleApplication2.vcxproj", "{AF5C493E-AB2E-43A9-84E7-6F8FF02D09FA}"
EndProject
Project("{8BC9CEB8-8B4A-11D0-8D11-00A0C91BC942}") = "14500", "14500\14500.vcxproj", "{9EBF3F68-0107-468F-87A4-6B8FBC16FA2C}"
EndProject
Project("{8BC9CEB8-8B4A-11D0-8D11-00A0C91BC942}") = "14501", "14501\14501.vcxproj", "{CFB01476-B2E1-4C30-8010-7F7EA7F47BDF}"
EndProject
Project("{8BC9CEB8-8B4A-11D0-8D11-00A0C91BC942}") = "19238", "19238\19238.vcxproj", "{F92A9F8A-3A53-4466-9D04-F70F9A9F9322}"
EndProject
Project("{8BC9CEB8-8B4A-11D0-8D11-00A0C91BC942}") = "19238_success", "19238_success\19238_success.vcxproj", "{26241CC0-8930-4A36-A368-8A7D049730BB}"
EndProject
Project("{8BC9CEB8-8B4A-11D0-8D11-00A0C91BC942}") = "19235", "19235\19235.vcxproj", "{4C254919-6995-4824-BF7D-17D38C1CA440}"
EndProject
Project("{8BC9CEB8-8B4A-11D0-8D11-00A0C91BC942}") = "19235_wnwl08", "19235_wnwl08\19235_wnwl08.vcxproj", "{37330EA6-55B5-4B71-AEF6-A8BF8578A4E6}"
EndProject
Project("{8BC9CEB8-8B4A-11D0-8D11-00A0C91BC942}") = "19237", "19237\19237.vcxproj", "{99AB0F6B-6877-4EA7-B530-0665283C0F0C}"
EndProject
Project("{8BC9CEB8-8B4A-11D0-8D11-00A0C91BC942}") = "19236", "19236\19236.vcxproj", "{90439743-C6C4-46F9-A999-915A3BB913A4}"
EndProject
Global
	GlobalSection(SolutionConfigurationPlatforms) = preSolution
		Debug|x64 = Debug|x64
		Debug|x86 = Debug|x86
		Release|x64 = Release|x64
		Release|x86 = Release|x86
	EndGlobalSection
	GlobalSection(ProjectConfigurationPlatforms) = postSolution
		{677FBF26-A361-44AC-8595-7E044F19122E}.Debug|x64.ActiveCfg = Debug|x64
		{677FBF26-A361-44AC-8595-7E044F19122E}.Debug|x64.Build.0 = Debug|x64
		{677FBF26-A361-44AC-8595-7E044F19122E}.Debug|x86.ActiveCfg = Debug|Win32
		{677FBF26-A361-44AC-8595-7E044F19122E}.Debug|x86.Build.0 = Debug|Win32
		{677FBF26-A361-44AC-8595-7E044F19122E}.Release|x64.ActiveCfg = Release|x64
		{677FBF26-A361-44AC-8595-7E044F19122E}.Release|x64.Build.0 = Release|x64
		{677FBF26-A361-44AC-8595-7E044F19122E}.Release|x86.ActiveCfg = Release|Win32
		{677FBF26-A361-44AC-8595-7E044F19122E}.Release|x86.Build.0 = Release|Win32
		{E96C95D5-36EA-45EC-8D96-CFB6025E9883}.Debug|x64.ActiveCfg = Debug|x64
		{E96C95D5-36EA-45EC-8D96-CFB6025E9883}.Debug|x64.Build.0 = Debug|x64
		{E96C95D5-36EA-45EC-8D96-CFB6025E9883}.Debug|x86.ActiveCfg = Debug|Win32
		{E96C95D5-36EA-45EC-8D96-CFB6025E9883}.Debug|x86.Build.0 = Debug|Win32
		{E96C95D5-36EA-45EC-8D96-CFB6025E9883}.Release|x64.ActiveCfg = Release|x64
		{E96C95D5-36EA-45EC-8D96-CFB6025E9883}.Release|x64.Build.0 = Release|x64
		{E96C95D5-36EA-45EC-8D96-CFB6025E9883}.Release|x86.ActiveCfg = Release|Win32
		{E96C95D5-36EA-45EC-8D96-CFB6025E9883}.Release|x86.Build.0 = Release|Win32
		{AF5C493E-AB2E-43A9-84E7-6F8FF02D09FA}.Debug|x64.ActiveCfg = Debug|x64
		{AF5C493E-AB2E-43A9-84E7-6F8FF02D09FA}.Debug|x64.Build.0 = Debug|x64
		{AF5C493E-AB2E-43A9-84E7-6F8FF02D09FA}.Debug|x86.ActiveCfg = Debug|Win32
		{AF5C493E-AB2E-43A9-84E7-6F8FF02D09FA}.Debug|x86.Build.0 = Debug|Win32
		{AF5C493E-AB2E-43A9-84E7-6F8FF02D09FA}.Release|x64.ActiveCfg = Release|x64
		{AF5C493E-AB2E-43A9-84E7-6F8FF02D09FA}.Release|x64.Build.0 = Release|x64
		{AF5C493E-AB2E-43A9-84E7-6F8FF02D09FA}.Release|x86.ActiveCfg = Release|Win32
		{AF5C493E-AB2E-43A9-84E7-6F8FF02D09FA}.Release|x86.Build.0 = Release|Win32
		{9EBF3F68-0107-468F-87A4-6B8FBC16FA2C}.Debug|x64.ActiveCfg = Debug|x64
		{9EBF3F68-0107-468F-87A4-6B8FBC16FA2C}.Debug|x64.Build.0 = Debug|x64
		{9EBF3F68-0107-468F-87A4-6B8FBC16FA2C}.Debug|x86.ActiveCfg = Debug|Win32
		{9EBF3F68-0107-468F-87A4-6B8FBC16FA2C}.Debug|x86.Build.0 = Debug|Win32
		{9EBF3F68-0107-468F-87A4-6B8FBC16FA2C}.Release|x64.ActiveCfg = Release|x64
		{9EBF3F68-0107-468F-87A4-6B8FBC16FA2C}.Release|x64.Build.0 = Release|x64
		{9EBF3F68-0107-468F-87A4-6B8FBC16FA2C}.Release|x86.ActiveCfg = Release|Win32
		{9EBF3F68-0107-468F-87A4-6B8FBC16FA2C}.Release|x86.Build.0 = Release|Win32
		{CFB01476-B2E1-4C30-8010-7F7EA7F47BDF}.Debug|x64.ActiveCfg = Debug|x64
		{CFB01476-B2E1-4C30-8010-7F7EA7F47BDF}.Debug|x64.Build.0 = Debug|x64
		{CFB01476-B2E1-4C30-8010-7F7EA7F47BDF}.Debug|x86.ActiveCfg = Debug|Win32
		{CFB01476-B2E1-4C30-8010-7F7EA7F47BDF}.Debug|x86.Build.0 = Debug|Win32
		{CFB01476-B2E1-4C30-8010-7F7EA7F47BDF}.Release|x64.ActiveCfg = Release|x64
		{CFB01476-B2E1-4C30-8010-7F7EA7F47BDF}.Release|x64.Build.0 = Release|x64
		{CFB01476-B2E1-4C30-8010-7F7EA7F47BDF}.Release|x86.ActiveCfg = Release|Win32
		{CFB01476-B2E1-4C30-8010-7F7EA7F47BDF}.Release|x86.Build.0 = Release|Win32
		{F92A9F8A-3A53-4466-9D04-F70F9A9F9322}.Debug|x64.ActiveCfg = Debug|x64
		{F92A9F8A-3A53-4466-9D04-F70F9A9F9322}.Debug|x64.Build.0 = Debug|x64
		{F92A9F8A-3A53-4466-9D04-F70F9A9F9322}.Debug|x86.ActiveCfg = Debug|Win32
		{F92A9F8A-3A53-4466-9D04-F70F9A9F9322}.Debug|x86.Build.0 = Debug|Win32
		{F92A9F8A-3A53-4466-9D04-F70F9A9F9322}.Release|x64.ActiveCfg = Release|x64
		{F92A9F8A-3A53-4466-9D04-F70F9A9F9322}.Release|x64.Build.0 = Release|x64
		{F92A9F8A-3A53-4466-9D04-F70F9A9F9322}.Release|x86.ActiveCfg = Release|Win32
		{F92A9F8A-3A53-4466-9D04-F70F9A9F9322}.Release|x86.Build.0 = Release|Win32
		{26241CC0-8930-4A36-A368-8A7D049730BB}.Debug|x64.ActiveCfg = Debug|x64
		{26241CC0-8930-4A36-A368-8A7D049730BB}.Debug|x64.Build.0 = Debug|x64
		{26241CC0-8930-4A36-A368-8A7D049730BB}.Debug|x86.ActiveCfg = Debug|Win32
		{26241CC0-8930-4A36-A368-8A7D049730BB}.Debug|x86.Build.0 = Debug|Win32
		{26241CC0-8930-4A36-A368-8A7D049730BB}.Release|x64.ActiveCfg = Release|x64
		{26241CC0-8930-4A36-A368-8A7D049730BB}.Release|x64.Build.0 = Release|x64
		{26241CC0-8930-4A36-A368-8A7D049730BB}.Release|x86.ActiveCfg = Release|Win32
		{26241CC0-8930-4A36-A368-8A7D049730BB}.Release|x86.Build.0 = Release|Win32
		{4C254919-6995-4824-BF7D-17D38C1CA440}.Debug|x64.ActiveCfg = Debug|x64
		{4C254919-6995-4824-BF7D-17D38C1CA440}.Debug|x64.Build.0 = Debug|x64
		{4C254919-6995-4824-BF7D-17D38C1CA440}.Debug|x86.ActiveCfg = Debug|Win32
		{4C254919-6995-4824-BF7D-17D38C1CA440}.Debug|x86.Build.0 = Debug|Win32
		{4C254919-6995-4824-BF7D-17D38C1CA440}.Release|x64.ActiveCfg = Release|x64
		{4C254919-6995-4824-BF7D-17D38C1CA440}.Release|x64.Build.0 = Release|x64
		{4C254919-6995-4824-BF7D-17D38C1CA440}.Release|x86.ActiveCfg = Release|Win32
		{4C254919-6995-4824-BF7D-17D38C1CA440}.Release|x86.Build.0 = Release|Win32
		{37330EA6-55B5-4B71-AEF6-A8BF8578A4E6}.Debug|x64.ActiveCfg = Debug|x64
		{37330EA6-55B5-4B71-AEF6-A8BF8578A4E6}.Debug|x64.Build.0 = Debug|x64
		{37330EA6-55B5-4B71-AEF6-A8BF8578A4E6}.Debug|x86.ActiveCfg = Debug|Win32
		{37330EA6-55B5-4B71-AEF6-A8BF8578A4E6}.Debug|x86.Build.0 = Debug|Win32
		{37330EA6-55B5-4B71-AEF6-A8BF8578A4E6}.Release|x64.ActiveCfg = Release|x64
		{37330EA6-55B5-4B71-AEF6-A8BF8578A4E6}.Release|x64.Build.0 = Release|x64
		{37330EA6-55B5-4B71-AEF6-A8BF8578A4E6}.Release|x86.ActiveCfg = Release|Win32
		{37330EA6-55B5-4B71-AEF6-A8BF8578A4E6}.Release|x86.Build.0 = Release|Win32
		{99AB0F6B-6877-4EA7-B530-0665283C0F0C}.Debug|x64.ActiveCfg = Debug|x64
		{99AB0F6B-6877-4EA7-B530-0665283C0F0C}.Debug|x64.Build.0 = Debug|x64
		{99AB0F6B-6877-4EA7-B530-0665283C0F0C}.Debug|x86.ActiveCfg = Debug|Win32
		{99AB0F6B-6877-4EA7-B530-0665283C0F0C}.Debug|x86.Build.0 = Debug|Win32
		{99AB0F6B-6877-4EA7-B530-0665283C0F0C}.Release|x64.ActiveCfg = Release|x64
		{99AB0F6B-6877-4EA7-B530-0665283C0F0C}.Release|x64.Build.0 = Release|x64
		{99AB0F6B-6877-4EA7-B530-0665283C0F0C}.Release|x86.ActiveCfg = Release|Win32
		{99AB0F6B-6877-4EA7-B530-0665283C0F0C}.Release|x86.Build.0 = Release|Win32
		{90439743-C6C4-46F9-A999-915A3BB913A4}.Debug|x64.ActiveCfg = Debug|x64
		{90439743-C6C4-46F9-A999-915A3BB913A4}.Debug|x64.Build.0 = Debug|x64
		{90439743-C6C4-46F9-A999-915A3BB913A4}.Debug|x86.ActiveCfg = Debug|Win32
		{90439743-C6C4-46F9-A999-915A3BB913A4}.Debug|x86.Build.0 = Debug|Win32
		{90439743-C6C4-46F9-A999-915A3BB913A4}.Release|x64.ActiveCfg = Release|x64
		{90439743-C6C4-46F9-A999-915A3BB913A4}.Release|x64.Build.0 = Release|x64
		{90439743-C6C4-46F9-A999-915A3BB913A4}.Release|x86.ActiveCfg = Release|Win32
		{90439743-C6C4-46F9-A999-915A3BB913A4}.Release|x86.Build.0 = Release|Win32
	EndGlobalSection
	GlobalSection(SolutionProperties) = preSolution
		HideSolutionNode = FALSE
	EndGlobalSection
	GlobalSection(ExtensibilityGlobals) = postSolution
		SolutionGuid = {5CDAFED5-CBA9-4A84-B4C6-973316812894}
	EndGlobalSection
EndGlobal
