
Microsoft Visual Studio Solution File, Format Version 12.00
# Visual Studio 15
VisualStudioVersion = 15.0.28010.2026
MinimumVisualStudioVersion = 10.0.40219.1
Project("{8BC9CEB8-8B4A-11D0-8D11-00A0C91BC942}") = "14499", "mynew\mynew.vcxproj", "{677FBF26-A361-44AC-8595-7E044F19122E}"
EndProject
Project("{8BC9CEB8-8B4A-11D0-8D11-00A0C91BC942}") = "16234", "16234\ConsoleApplication1.vcxproj", "{E96C95D5-36EA-45EC-8D96-CFB6025E9883}"
EndProject
Project("{8BC9CEB8-8B4A-11D0-8D11-00A0C91BC942}") = "16236", "16236\ConsoleApplication2.vcxproj", "{AF5C493E-AB2E-43A9-84E7-6F8FF02D09FA}"
EndProject
Project("{8BC9CEB8-8B4A-11D0-8D11-00A0C91BC942}") = "14500", "14500\14500.vcxproj", "{9EBF3F68-0107-468F-87A4-6B8FBC16FA2C}"
EndProject
Project("{8BC9CEB8-8B4A-11D0-8D11-00A0C91BC942}") = "14501", "14501\14501.vcxproj", "{CFB01476-B2E1-4C30-8010-7F7EA7F47BDF}"
EndProject
Project("{8BC9CEB8-8B4A-11D0-8D11-00A0C91BC942}") = "19238", "19238\19238.vcxproj", "{F92A9F8A-3A53-4466-9D04-F70F9A9F9322}"
EndProject
Project("{8BC9CEB8-8B4A-11D0-8D11-00A0C91BC942}") = "19238_success", "19238_success\19238_success.vcxproj", "{26241CC0-8930-4A36-A368-8A7D049730BB}"
EndProject
Project("{8BC9CEB8-8B4A-11D0-8D11-00A0C91BC942}") = "19235", "19235\19235.vcxproj", "{4C254919-6995-4824-BF7D-17D38C1CA440}"
EndProject
Project("{8BC9CEB8-8B4A-11D0-8D11-00A0C91BC942}") = "19235_wnwl08", "19235_wnwl08\19235_wnwl08.vcxproj", "{37330EA6-55B5-4B71-AEF6-A8BF8578A4E6}"
EndProject
Project("{8BC9CEB8-8B4A-11D0-8D11-00A0C91BC942}") = "19237", "19237\19237.vcxproj", "{99AB0F6B-6877-4EA7-B530-0665283C0F0C}"
EndProject
Project("{8BC9CEB8-8B4A-11D0-8D11-00A0C91BC942}") = "19236", "19236\19236.vcxproj", "{90439743-C6C4-46F9-A999-915A3BB913A4}"
EndProject
Project("{8BC9CEB8-8B4A-11D0-8D11-00A0C91BC942}") = "17825", "17825\17825.vcxproj", "{30461149-800B-4625-8E55-75EEF6A0C49F}"
EndProject
Project("{8BC9CEB8-8B4A-11D0-8D11-00A0C91BC942}") = "17825_solution", "17825_solution\17825_solution.vcxproj", "{7958D580-D825-4B59-ABCC-5D6BE63D652D}"
EndProject
Project("{8BC9CEB8-8B4A-11D0-8D11-00A0C91BC942}") = "17822", "17822\17822.vcxproj", "{4C37320D-105D-4037-BB27-BC8E226AD444}"
EndProject
Project("{8BC9CEB8-8B4A-11D0-8D11-00A0C91BC942}") = "17837", "17837\17837.vcxproj", "{0E12985E-DC3E-41F1-93BD-A337A80460BC}"
EndProject
Project("{8BC9CEB8-8B4A-11D0-8D11-00A0C91BC942}") = "17779", "17779\17779.vcxproj", "{0F863F52-4DF9-49E9-AA59-8974694ECA80}"
EndProject
Project("{8BC9CEB8-8B4A-11D0-8D11-00A0C91BC942}") = "17142", "17142\17142.vcxproj", "{3035A2BF-E979-4E4A-B63F-628FACA29999}"
EndProject
Project("{8BC9CEB8-8B4A-11D0-8D11-00A0C91BC942}") = "19238_2nd", "19238_2nd\19238_2nd.vcxproj", "{AEE468D6-78FA-4D87-A451-E35399399231}"
EndProject
Project("{8BC9CEB8-8B4A-11D0-8D11-00A0C91BC942}") = "SS5658", "SS5658\SS5658.vcxproj", "{6D0C685E-98FA-4900-8067-C2D956BAEE19}"
EndProject
Project("{8BC9CEB8-8B4A-11D0-8D11-00A0C91BC942}") = "SS5656", "SS5656\SS5656.vcxproj", "{8402B265-32B7-4778-AA7A-5806DF428FA0}"
EndProject
Project("{8BC9CEB8-8B4A-11D0-8D11-00A0C91BC942}") = "SS5653", "SS5653\5653.vcxproj", "{1F78B4F7-C68D-4E78-8BB2-E47F39933965}"
EndProject
Project("{8BC9CEB8-8B4A-11D0-8D11-00A0C91BC942}") = "20055", "20055\20055.vcxproj", "{76FC08DD-F2F4-48D7-A4D4-9D94E3A7CE33}"
EndProject
Project("{8BC9CEB8-8B4A-11D0-8D11-00A0C91BC942}") = "20056", "20056\20056.vcxproj", "{212380C9-1607-4E14-9607-63C09182E2C0}"
EndProject
Project("{8BC9CEB8-8B4A-11D0-8D11-00A0C91BC942}") = "20057", "20057\20057.vcxproj", "{3A11E7C9-AF28-4B3E-8724-7317F6ED05DE}"
EndProject
Project("{8BC9CEB8-8B4A-11D0-8D11-00A0C91BC942}") = "20058", "20058\20058.vcxproj", "{4A8A5425-9F3F-4CAD-87B1-319105AE1C16}"
EndProject
Global
	GlobalSection(SolutionConfigurationPlatforms) = preSolution
		Debug|x64 = Debug|x64
		Debug|x86 = Debug|x86
		Release|x64 = Release|x64
		Release|x86 = Release|x86
	EndGlobalSection
	GlobalSection(ProjectConfigurationPlatforms) = postSolution
		{677FBF26-A361-44AC-8595-7E044F19122E}.Debug|x64.ActiveCfg = Debug|x64
		{677FBF26-A361-44AC-8595-7E044F19122E}.Debug|x64.Build.0 = Debug|x64
		{677FBF26-A361-44AC-8595-7E044F19122E}.Debug|x86.ActiveCfg = Debug|Win32
		{677FBF26-A361-44AC-8595-7E044F19122E}.Debug|x86.Build.0 = Debug|Win32
		{677FBF26-A361-44AC-8595-7E044F19122E}.Release|x64.ActiveCfg = Release|x64
		{677FBF26-A361-44AC-8595-7E044F19122E}.Release|x64.Build.0 = Release|x64
		{677FBF26-A361-44AC-8595-7E044F19122E}.Release|x86.ActiveCfg = Release|Win32
		{677FBF26-A361-44AC-8595-7E044F19122E}.Release|x86.Build.0 = Release|Win32
		{E96C95D5-36EA-45EC-8D96-CFB6025E9883}.Debug|x64.ActiveCfg = Debug|x64
		{E96C95D5-36EA-45EC-8D96-CFB6025E9883}.Debug|x64.Build.0 = Debug|x64
		{E96C95D5-36EA-45EC-8D96-CFB6025E9883}.Debug|x86.ActiveCfg = Debug|Win32
		{E96C95D5-36EA-45EC-8D96-CFB6025E9883}.Debug|x86.Build.0 = Debug|Win32
		{E96C95D5-36EA-45EC-8D96-CFB6025E9883}.Release|x64.ActiveCfg = Release|x64
		{E96C95D5-36EA-45EC-8D96-CFB6025E9883}.Release|x64.Build.0 = Release|x64
		{E96C95D5-36EA-45EC-8D96-CFB6025E9883}.Release|x86.ActiveCfg = Release|Win32
		{E96C95D5-36EA-45EC-8D96-CFB6025E9883}.Release|x86.Build.0 = Release|Win32
		{AF5C493E-AB2E-43A9-84E7-6F8FF02D09FA}.Debug|x64.ActiveCfg = Debug|x64
		{AF5C493E-AB2E-43A9-84E7-6F8FF02D09FA}.Debug|x64.Build.0 = Debug|x64
		{AF5C493E-AB2E-43A9-84E7-6F8FF02D09FA}.Debug|x86.ActiveCfg = Debug|Win32
		{AF5C493E-AB2E-43A9-84E7-6F8FF02D09FA}.Debug|x86.Build.0 = Debug|Win32
		{AF5C493E-AB2E-43A9-84E7-6F8FF02D09FA}.Release|x64.ActiveCfg = Release|x64
		{AF5C493E-AB2E-43A9-84E7-6F8FF02D09FA}.Release|x64.Build.0 = Release|x64
		{AF5C493E-AB2E-43A9-84E7-6F8FF02D09FA}.Release|x86.ActiveCfg = Release|Win32
		{AF5C493E-AB2E-43A9-84E7-6F8FF02D09FA}.Release|x86.Build.0 = Release|Win32
		{9EBF3F68-0107-468F-87A4-6B8FBC16FA2C}.Debug|x64.ActiveCfg = Debug|x64
		{9EBF3F68-0107-468F-87A4-6B8FBC16FA2C}.Debug|x64.Build.0 = Debug|x64
		{9EBF3F68-0107-468F-87A4-6B8FBC16FA2C}.Debug|x86.ActiveCfg = Debug|Win32
		{9EBF3F68-0107-468F-87A4-6B8FBC16FA2C}.Debug|x86.Build.0 = Debug|Win32
		{9EBF3F68-0107-468F-87A4-6B8FBC16FA2C}.Release|x64.ActiveCfg = Release|x64
		{9EBF3F68-0107-468F-87A4-6B8FBC16FA2C}.Release|x64.Build.0 = Release|x64
		{9EBF3F68-0107-468F-87A4-6B8FBC16FA2C}.Release|x86.ActiveCfg = Release|Win32
		{9EBF3F68-0107-468F-87A4-6B8FBC16FA2C}.Release|x86.Build.0 = Release|Win32
		{CFB01476-B2E1-4C30-8010-7F7EA7F47BDF}.Debug|x64.ActiveCfg = Debug|x64
		{CFB01476-B2E1-4C30-8010-7F7EA7F47BDF}.Debug|x64.Build.0 = Debug|x64
		{CFB01476-B2E1-4C30-8010-7F7EA7F47BDF}.Debug|x86.ActiveCfg = Debug|Win32
		{CFB01476-B2E1-4C30-8010-7F7EA7F47BDF}.Debug|x86.Build.0 = Debug|Win32
		{CFB01476-B2E1-4C30-8010-7F7EA7F47BDF}.Release|x64.ActiveCfg = Release|x64
		{CFB01476-B2E1-4C30-8010-7F7EA7F47BDF}.Release|x64.Build.0 = Release|x64
		{CFB01476-B2E1-4C30-8010-7F7EA7F47BDF}.Release|x86.ActiveCfg = Release|Win32
		{CFB01476-B2E1-4C30-8010-7F7EA7F47BDF}.Release|x86.Build.0 = Release|Win32
		{F92A9F8A-3A53-4466-9D04-F70F9A9F9322}.Debug|x64.ActiveCfg = Debug|x64
		{F92A9F8A-3A53-4466-9D04-F70F9A9F9322}.Debug|x64.Build.0 = Debug|x64
		{F92A9F8A-3A53-4466-9D04-F70F9A9F9322}.Debug|x86.ActiveCfg = Debug|Win32
		{F92A9F8A-3A53-4466-9D04-F70F9A9F9322}.Debug|x86.Build.0 = Debug|Win32
		{F92A9F8A-3A53-4466-9D04-F70F9A9F9322}.Release|x64.ActiveCfg = Release|x64
		{F92A9F8A-3A53-4466-9D04-F70F9A9F9322}.Release|x64.Build.0 = Release|x64
		{F92A9F8A-3A53-4466-9D04-F70F9A9F9322}.Release|x86.ActiveCfg = Release|Win32
		{F92A9F8A-3A53-4466-9D04-F70F9A9F9322}.Release|x86.Build.0 = Release|Win32
		{26241CC0-8930-4A36-A368-8A7D049730BB}.Debug|x64.ActiveCfg = Debug|x64
		{26241CC0-8930-4A36-A368-8A7D049730BB}.Debug|x64.Build.0 = Debug|x64
		{26241CC0-8930-4A36-A368-8A7D049730BB}.Debug|x86.ActiveCfg = Debug|Win32
		{26241CC0-8930-4A36-A368-8A7D049730BB}.Debug|x86.Build.0 = Debug|Win32
		{26241CC0-8930-4A36-A368-8A7D049730BB}.Release|x64.ActiveCfg = Release|x64
		{26241CC0-8930-4A36-A368-8A7D049730BB}.Release|x64.Build.0 = Release|x64
		{26241CC0-8930-4A36-A368-8A7D049730BB}.Release|x86.ActiveCfg = Release|Win32
		{26241CC0-8930-4A36-A368-8A7D049730BB}.Release|x86.Build.0 = Release|Win32
		{4C254919-6995-4824-BF7D-17D38C1CA440}.Debug|x64.ActiveCfg = Debug|x64
		{4C254919-6995-4824-BF7D-17D38C1CA440}.Debug|x64.Build.0 = Debug|x64
		{4C254919-6995-4824-BF7D-17D38C1CA440}.Debug|x86.ActiveCfg = Debug|Win32
		{4C254919-6995-4824-BF7D-17D38C1CA440}.Debug|x86.Build.0 = Debug|Win32
		{4C254919-6995-4824-BF7D-17D38C1CA440}.Release|x64.ActiveCfg = Release|x64
		{4C254919-6995-4824-BF7D-17D38C1CA440}.Release|x64.Build.0 = Release|x64
		{4C254919-6995-4824-BF7D-17D38C1CA440}.Release|x86.ActiveCfg = Release|Win32
		{4C254919-6995-4824-BF7D-17D38C1CA440}.Release|x86.Build.0 = Release|Win32
		{37330EA6-55B5-4B71-AEF6-A8BF8578A4E6}.Debug|x64.ActiveCfg = Debug|x64
		{37330EA6-55B5-4B71-AEF6-A8BF8578A4E6}.Debug|x64.Build.0 = Debug|x64
		{37330EA6-55B5-4B71-AEF6-A8BF8578A4E6}.Debug|x86.ActiveCfg = Debug|Win32
		{37330EA6-55B5-4B71-AEF6-A8BF8578A4E6}.Debug|x86.Build.0 = Debug|Win32
		{37330EA6-55B5-4B71-AEF6-A8BF8578A4E6}.Release|x64.ActiveCfg = Release|x64
		{37330EA6-55B5-4B71-AEF6-A8BF8578A4E6}.Release|x64.Build.0 = Release|x64
		{37330EA6-55B5-4B71-AEF6-A8BF8578A4E6}.Release|x86.ActiveCfg = Release|Win32
		{37330EA6-55B5-4B71-AEF6-A8BF8578A4E6}.Release|x86.Build.0 = Release|Win32
		{99AB0F6B-6877-4EA7-B530-0665283C0F0C}.Debug|x64.ActiveCfg = Debug|x64
		{99AB0F6B-6877-4EA7-B530-0665283C0F0C}.Debug|x64.Build.0 = Debug|x64
		{99AB0F6B-6877-4EA7-B530-0665283C0F0C}.Debug|x86.ActiveCfg = Debug|Win32
		{99AB0F6B-6877-4EA7-B530-0665283C0F0C}.Debug|x86.Build.0 = Debug|Win32
		{99AB0F6B-6877-4EA7-B530-0665283C0F0C}.Release|x64.ActiveCfg = Release|x64
		{99AB0F6B-6877-4EA7-B530-0665283C0F0C}.Release|x64.Build.0 = Release|x64
		{99AB0F6B-6877-4EA7-B530-0665283C0F0C}.Release|x86.ActiveCfg = Release|Win32
		{99AB0F6B-6877-4EA7-B530-0665283C0F0C}.Release|x86.Build.0 = Release|Win32
		{90439743-C6C4-46F9-A999-915A3BB913A4}.Debug|x64.ActiveCfg = Debug|x64
		{90439743-C6C4-46F9-A999-915A3BB913A4}.Debug|x64.Build.0 = Debug|x64
		{90439743-C6C4-46F9-A999-915A3BB913A4}.Debug|x86.ActiveCfg = Debug|Win32
		{90439743-C6C4-46F9-A999-915A3BB913A4}.Debug|x86.Build.0 = Debug|Win32
		{90439743-C6C4-46F9-A999-915A3BB913A4}.Release|x64.ActiveCfg = Release|x64
		{90439743-C6C4-46F9-A999-915A3BB913A4}.Release|x64.Build.0 = Release|x64
		{90439743-C6C4-46F9-A999-915A3BB913A4}.Release|x86.ActiveCfg = Release|Win32
		{90439743-C6C4-46F9-A999-915A3BB913A4}.Release|x86.Build.0 = Release|Win32
		{30461149-800B-4625-8E55-75EEF6A0C49F}.Debug|x64.ActiveCfg = Debug|x64
		{30461149-800B-4625-8E55-75EEF6A0C49F}.Debug|x64.Build.0 = Debug|x64
		{30461149-800B-4625-8E55-75EEF6A0C49F}.Debug|x86.ActiveCfg = Debug|Win32
		{30461149-800B-4625-8E55-75EEF6A0C49F}.Debug|x86.Build.0 = Debug|Win32
		{30461149-800B-4625-8E55-75EEF6A0C49F}.Release|x64.ActiveCfg = Release|x64
		{30461149-800B-4625-8E55-75EEF6A0C49F}.Release|x64.Build.0 = Release|x64
		{30461149-800B-4625-8E55-75EEF6A0C49F}.Release|x86.ActiveCfg = Release|Win32
		{30461149-800B-4625-8E55-75EEF6A0C49F}.Release|x86.Build.0 = Release|Win32
		{7958D580-D825-4B59-ABCC-5D6BE63D652D}.Debug|x64.ActiveCfg = Debug|x64
		{7958D580-D825-4B59-ABCC-5D6BE63D652D}.Debug|x64.Build.0 = Debug|x64
		{7958D580-D825-4B59-ABCC-5D6BE63D652D}.Debug|x86.ActiveCfg = Debug|Win32
		{7958D580-D825-4B59-ABCC-5D6BE63D652D}.Debug|x86.Build.0 = Debug|Win32
		{7958D580-D825-4B59-ABCC-5D6BE63D652D}.Release|x64.ActiveCfg = Release|x64
		{7958D580-D825-4B59-ABCC-5D6BE63D652D}.Release|x64.Build.0 = Release|x64
		{7958D580-D825-4B59-ABCC-5D6BE63D652D}.Release|x86.ActiveCfg = Release|Win32
		{7958D580-D825-4B59-ABCC-5D6BE63D652D}.Release|x86.Build.0 = Release|Win32
		{4C37320D-105D-4037-BB27-BC8E226AD444}.Debug|x64.ActiveCfg = Debug|x64
		{4C37320D-105D-4037-BB27-BC8E226AD444}.Debug|x64.Build.0 = Debug|x64
		{4C37320D-105D-4037-BB27-BC8E226AD444}.Debug|x86.ActiveCfg = Debug|Win32
		{4C37320D-105D-4037-BB27-BC8E226AD444}.Debug|x86.Build.0 = Debug|Win32
		{4C37320D-105D-4037-BB27-BC8E226AD444}.Release|x64.ActiveCfg = Release|x64
		{4C37320D-105D-4037-BB27-BC8E226AD444}.Release|x64.Build.0 = Release|x64
		{4C37320D-105D-4037-BB27-BC8E226AD444}.Release|x86.ActiveCfg = Release|Win32
		{4C37320D-105D-4037-BB27-BC8E226AD444}.Release|x86.Build.0 = Release|Win32
		{0E12985E-DC3E-41F1-93BD-A337A80460BC}.Debug|x64.ActiveCfg = Debug|x64
		{0E12985E-DC3E-41F1-93BD-A337A80460BC}.Debug|x64.Build.0 = Debug|x64
		{0E12985E-DC3E-41F1-93BD-A337A80460BC}.Debug|x86.ActiveCfg = Debug|Win32
		{0E12985E-DC3E-41F1-93BD-A337A80460BC}.Debug|x86.Build.0 = Debug|Win32
		{0E12985E-DC3E-41F1-93BD-A337A80460BC}.Release|x64.ActiveCfg = Release|x64
		{0E12985E-DC3E-41F1-93BD-A337A80460BC}.Release|x64.Build.0 = Release|x64
		{0E12985E-DC3E-41F1-93BD-A337A80460BC}.Release|x86.ActiveCfg = Release|Win32
		{0E12985E-DC3E-41F1-93BD-A337A80460BC}.Release|x86.Build.0 = Release|Win32
		{0F863F52-4DF9-49E9-AA59-8974694ECA80}.Debug|x64.ActiveCfg = Debug|x64
		{0F863F52-4DF9-49E9-AA59-8974694ECA80}.Debug|x64.Build.0 = Debug|x64
		{0F863F52-4DF9-49E9-AA59-8974694ECA80}.Debug|x86.ActiveCfg = Debug|Win32
		{0F863F52-4DF9-49E9-AA59-8974694ECA80}.Debug|x86.Build.0 = Debug|Win32
		{0F863F52-4DF9-49E9-AA59-8974694ECA80}.Release|x64.ActiveCfg = Release|x64
		{0F863F52-4DF9-49E9-AA59-8974694ECA80}.Release|x64.Build.0 = Release|x64
		{0F863F52-4DF9-49E9-AA59-8974694ECA80}.Release|x86.ActiveCfg = Release|Win32
		{0F863F52-4DF9-49E9-AA59-8974694ECA80}.Release|x86.Build.0 = Release|Win32
		{3035A2BF-E979-4E4A-B63F-628FACA29999}.Debug|x64.ActiveCfg = Debug|x64
		{3035A2BF-E979-4E4A-B63F-628FACA29999}.Debug|x64.Build.0 = Debug|x64
		{3035A2BF-E979-4E4A-B63F-628FACA29999}.Debug|x86.ActiveCfg = Debug|Win32
		{3035A2BF-E979-4E4A-B63F-628FACA29999}.Debug|x86.Build.0 = Debug|Win32
		{3035A2BF-E979-4E4A-B63F-628FACA29999}.Release|x64.ActiveCfg = Release|x64
		{3035A2BF-E979-4E4A-B63F-628FACA29999}.Release|x64.Build.0 = Release|x64
		{3035A2BF-E979-4E4A-B63F-628FACA29999}.Release|x86.ActiveCfg = Release|Win32
		{3035A2BF-E979-4E4A-B63F-628FACA29999}.Release|x86.Build.0 = Release|Win32
		{AEE468D6-78FA-4D87-A451-E35399399231}.Debug|x64.ActiveCfg = Debug|x64
		{AEE468D6-78FA-4D87-A451-E35399399231}.Debug|x64.Build.0 = Debug|x64
		{AEE468D6-78FA-4D87-A451-E35399399231}.Debug|x86.ActiveCfg = Debug|Win32
		{AEE468D6-78FA-4D87-A451-E35399399231}.Debug|x86.Build.0 = Debug|Win32
		{AEE468D6-78FA-4D87-A451-E35399399231}.Release|x64.ActiveCfg = Release|x64
		{AEE468D6-78FA-4D87-A451-E35399399231}.Release|x64.Build.0 = Release|x64
		{AEE468D6-78FA-4D87-A451-E35399399231}.Release|x86.ActiveCfg = Release|Win32
		{AEE468D6-78FA-4D87-A451-E35399399231}.Release|x86.Build.0 = Release|Win32
		{6D0C685E-98FA-4900-8067-C2D956BAEE19}.Debug|x64.ActiveCfg = Debug|x64
		{6D0C685E-98FA-4900-8067-C2D956BAEE19}.Debug|x64.Build.0 = Debug|x64
		{6D0C685E-98FA-4900-8067-C2D956BAEE19}.Debug|x86.ActiveCfg = Debug|Win32
		{6D0C685E-98FA-4900-8067-C2D956BAEE19}.Debug|x86.Build.0 = Debug|Win32
		{6D0C685E-98FA-4900-8067-C2D956BAEE19}.Release|x64.ActiveCfg = Release|x64
		{6D0C685E-98FA-4900-8067-C2D956BAEE19}.Release|x64.Build.0 = Release|x64
		{6D0C685E-98FA-4900-8067-C2D956BAEE19}.Release|x86.ActiveCfg = Release|Win32
		{6D0C685E-98FA-4900-8067-C2D956BAEE19}.Release|x86.Build.0 = Release|Win32
		{8402B265-32B7-4778-AA7A-5806DF428FA0}.Debug|x64.ActiveCfg = Debug|x64
		{8402B265-32B7-4778-AA7A-5806DF428FA0}.Debug|x64.Build.0 = Debug|x64
		{8402B265-32B7-4778-AA7A-5806DF428FA0}.Debug|x86.ActiveCfg = Debug|Win32
		{8402B265-32B7-4778-AA7A-5806DF428FA0}.Debug|x86.Build.0 = Debug|Win32
		{8402B265-32B7-4778-AA7A-5806DF428FA0}.Release|x64.ActiveCfg = Release|x64
		{8402B265-32B7-4778-AA7A-5806DF428FA0}.Release|x64.Build.0 = Release|x64
		{8402B265-32B7-4778-AA7A-5806DF428FA0}.Release|x86.ActiveCfg = Release|Win32
		{8402B265-32B7-4778-AA7A-5806DF428FA0}.Release|x86.Build.0 = Release|Win32
		{1F78B4F7-C68D-4E78-8BB2-E47F39933965}.Debug|x64.ActiveCfg = Debug|x64
		{1F78B4F7-C68D-4E78-8BB2-E47F39933965}.Debug|x64.Build.0 = Debug|x64
		{1F78B4F7-C68D-4E78-8BB2-E47F39933965}.Debug|x86.ActiveCfg = Debug|Win32
		{1F78B4F7-C68D-4E78-8BB2-E47F39933965}.Debug|x86.Build.0 = Debug|Win32
		{1F78B4F7-C68D-4E78-8BB2-E47F39933965}.Release|x64.ActiveCfg = Release|x64
		{1F78B4F7-C68D-4E78-8BB2-E47F39933965}.Release|x64.Build.0 = Release|x64
		{1F78B4F7-C68D-4E78-8BB2-E47F39933965}.Release|x86.ActiveCfg = Release|Win32
		{1F78B4F7-C68D-4E78-8BB2-E47F39933965}.Release|x86.Build.0 = Release|Win32
		{76FC08DD-F2F4-48D7-A4D4-9D94E3A7CE33}.Debug|x64.ActiveCfg = Debug|x64
		{76FC08DD-F2F4-48D7-A4D4-9D94E3A7CE33}.Debug|x64.Build.0 = Debug|x64
		{76FC08DD-F2F4-48D7-A4D4-9D94E3A7CE33}.Debug|x86.ActiveCfg = Debug|Win32
		{76FC08DD-F2F4-48D7-A4D4-9D94E3A7CE33}.Debug|x86.Build.0 = Debug|Win32
		{76FC08DD-F2F4-48D7-A4D4-9D94E3A7CE33}.Release|x64.ActiveCfg = Release|x64
		{76FC08DD-F2F4-48D7-A4D4-9D94E3A7CE33}.Release|x64.Build.0 = Release|x64
		{76FC08DD-F2F4-48D7-A4D4-9D94E3A7CE33}.Release|x86.ActiveCfg = Release|Win32
		{76FC08DD-F2F4-48D7-A4D4-9D94E3A7CE33}.Release|x86.Build.0 = Release|Win32
		{212380C9-1607-4E14-9607-63C09182E2C0}.Debug|x64.ActiveCfg = Debug|x64
		{212380C9-1607-4E14-9607-63C09182E2C0}.Debug|x64.Build.0 = Debug|x64
		{212380C9-1607-4E14-9607-63C09182E2C0}.Debug|x86.ActiveCfg = Debug|Win32
		{212380C9-1607-4E14-9607-63C09182E2C0}.Debug|x86.Build.0 = Debug|Win32
		{212380C9-1607-4E14-9607-63C09182E2C0}.Release|x64.ActiveCfg = Release|x64
		{212380C9-1607-4E14-9607-63C09182E2C0}.Release|x64.Build.0 = Release|x64
		{212380C9-1607-4E14-9607-63C09182E2C0}.Release|x86.ActiveCfg = Release|Win32
		{212380C9-1607-4E14-9607-63C09182E2C0}.Release|x86.Build.0 = Release|Win32
		{3A11E7C9-AF28-4B3E-8724-7317F6ED05DE}.Debug|x64.ActiveCfg = Debug|x64
		{3A11E7C9-AF28-4B3E-8724-7317F6ED05DE}.Debug|x64.Build.0 = Debug|x64
		{3A11E7C9-AF28-4B3E-8724-7317F6ED05DE}.Debug|x86.ActiveCfg = Debug|Win32
		{3A11E7C9-AF28-4B3E-8724-7317F6ED05DE}.Debug|x86.Build.0 = Debug|Win32
		{3A11E7C9-AF28-4B3E-8724-7317F6ED05DE}.Release|x64.ActiveCfg = Release|x64
		{3A11E7C9-AF28-4B3E-8724-7317F6ED05DE}.Release|x64.Build.0 = Release|x64
		{3A11E7C9-AF28-4B3E-8724-7317F6ED05DE}.Release|x86.ActiveCfg = Release|Win32
		{3A11E7C9-AF28-4B3E-8724-7317F6ED05DE}.Release|x86.Build.0 = Release|Win32
		{4A8A5425-9F3F-4CAD-87B1-319105AE1C16}.Debug|x64.ActiveCfg = Debug|x64
		{4A8A5425-9F3F-4CAD-87B1-319105AE1C16}.Debug|x64.Build.0 = Debug|x64
		{4A8A5425-9F3F-4CAD-87B1-319105AE1C16}.Debug|x86.ActiveCfg = Debug|Win32
		{4A8A5425-9F3F-4CAD-87B1-319105AE1C16}.Debug|x86.Build.0 = Debug|Win32
		{4A8A5425-9F3F-4CAD-87B1-319105AE1C16}.Release|x64.ActiveCfg = Release|x64
		{4A8A5425-9F3F-4CAD-87B1-319105AE1C16}.Release|x64.Build.0 = Release|x64
		{4A8A5425-9F3F-4CAD-87B1-319105AE1C16}.Release|x86.ActiveCfg = Release|Win32
		{4A8A5425-9F3F-4CAD-87B1-319105AE1C16}.Release|x86.Build.0 = Release|Win32
	EndGlobalSection
	GlobalSection(SolutionProperties) = preSolution
		HideSolutionNode = FALSE
	EndGlobalSection
	GlobalSection(ExtensibilityGlobals) = postSolution
		SolutionGuid = {5CDAFED5-CBA9-4A84-B4C6-973316812894}
	EndGlobalSection
EndGlobal
