
Microsoft Visual Studio Solution File, Format Version 12.00
# Visual Studio 15
VisualStudioVersion = 15.0.28010.2026
MinimumVisualStudioVersion = 10.0.40219.1
Project("{8BC9CEB8-8B4A-11D0-8D11-00A0C91BC942}") = "DollCrainGame", "DollCrainGame\DollCrainGame.vcxproj", "{2C4F7962-38AE-4E7D-BFFA-22D6C7C3258D}"
EndProject
Project("{8BC9CEB8-8B4A-11D0-8D11-00A0C91BC942}") = "String_exam", "String_exam\String_exam.vcxproj", "{D21AAD43-48E3-48EB-B65B-5845F6EA8D23}"
EndProject
Project("{8BC9CEB8-8B4A-11D0-8D11-00A0C91BC942}") = "Keypad", "Keypad\Keypad.vcxproj", "{85B720DA-4FEE-4F39-A12A-4F420D90F820}"
EndProject
Project("{8BC9CEB8-8B4A-11D0-8D11-00A0C91BC942}") = "완주하지못한선수", "완주하지못한선수\완주하지못한선수.vcxproj", "{A9072E97-E57A-4DDF-9FCA-76990F258899}"
EndProject
Project("{8BC9CEB8-8B4A-11D0-8D11-00A0C91BC942}") = "모의고사", "모의고사\모의고사.vcxproj", "{0B79027C-9BD0-4059-9657-6460A5136965}"
EndProject
Project("{8BC9CEB8-8B4A-11D0-8D11-00A0C91BC942}") = "체육복", "체육복\체육복.vcxproj", "{1082B7A7-012B-47F5-98B3-EF25944DA67C}"
EndProject
Project("{8BC9CEB8-8B4A-11D0-8D11-00A0C91BC942}") = "Collection", "..\SWtest\Collection\Collection.vcxproj", "{A6C05AB5-793B-4704-A0D8-3495E26303BE}"
EndProject
Project("{8BC9CEB8-8B4A-11D0-8D11-00A0C91BC942}") = "3진법뒤집기", "3진법뒤집기\3진법뒤집기.vcxproj", "{DE7A1F9D-5A93-4C95-8E76-AC75F4A8FD28}"
EndProject
Project("{8BC9CEB8-8B4A-11D0-8D11-00A0C91BC942}") = "K번째수", "K번째수\K번째수.vcxproj", "{0DFA4787-BA84-4743-BDDC-8CCB9CF6FAEB}"
EndProject
Project("{8BC9CEB8-8B4A-11D0-8D11-00A0C91BC942}") = "가운데글자가져오기", "가운데글자가져오기\가운데글자가져오기.vcxproj", "{16BC9FD5-AA87-49EE-99C0-AA15B0AC96F5}"
EndProject
Project("{8BC9CEB8-8B4A-11D0-8D11-00A0C91BC942}") = "같은숫자는싫어", "같은숫자는싫어\같은숫자는싫어.vcxproj", "{A8354E61-D56C-4C26-9E4B-3CC97EE26DA9}"
EndProject
Project("{8BC9CEB8-8B4A-11D0-8D11-00A0C91BC942}") = "스킬트리", "스킬트리\스킬트리.vcxproj", "{C91EC5B7-5D6D-46B7-BF13-B41E09100206}"
EndProject
Project("{8BC9CEB8-8B4A-11D0-8D11-00A0C91BC942}") = "다리를지나는트럭", "다리를지나는트럭\다리를지나는트럭.vcxproj", "{CBDF9C3B-3E7B-4257-8811-6AE5A8FF8A02}"
EndProject
Global
	GlobalSection(SolutionConfigurationPlatforms) = preSolution
		Debug|x64 = Debug|x64
		Debug|x86 = Debug|x86
		Release|x64 = Release|x64
		Release|x86 = Release|x86
	EndGlobalSection
	GlobalSection(ProjectConfigurationPlatforms) = postSolution
		{2C4F7962-38AE-4E7D-BFFA-22D6C7C3258D}.Debug|x64.ActiveCfg = Debug|x64
		{2C4F7962-38AE-4E7D-BFFA-22D6C7C3258D}.Debug|x64.Build.0 = Debug|x64
		{2C4F7962-38AE-4E7D-BFFA-22D6C7C3258D}.Debug|x86.ActiveCfg = Debug|Win32
		{2C4F7962-38AE-4E7D-BFFA-22D6C7C3258D}.Debug|x86.Build.0 = Debug|Win32
		{2C4F7962-38AE-4E7D-BFFA-22D6C7C3258D}.Release|x64.ActiveCfg = Release|x64
		{2C4F7962-38AE-4E7D-BFFA-22D6C7C3258D}.Release|x64.Build.0 = Release|x64
		{2C4F7962-38AE-4E7D-BFFA-22D6C7C3258D}.Release|x86.ActiveCfg = Release|Win32
		{2C4F7962-38AE-4E7D-BFFA-22D6C7C3258D}.Release|x86.Build.0 = Release|Win32
		{D21AAD43-48E3-48EB-B65B-5845F6EA8D23}.Debug|x64.ActiveCfg = Debug|x64
		{D21AAD43-48E3-48EB-B65B-5845F6EA8D23}.Debug|x64.Build.0 = Debug|x64
		{D21AAD43-48E3-48EB-B65B-5845F6EA8D23}.Debug|x86.ActiveCfg = Debug|Win32
		{D21AAD43-48E3-48EB-B65B-5845F6EA8D23}.Debug|x86.Build.0 = Debug|Win32
		{D21AAD43-48E3-48EB-B65B-5845F6EA8D23}.Release|x64.ActiveCfg = Release|x64
		{D21AAD43-48E3-48EB-B65B-5845F6EA8D23}.Release|x64.Build.0 = Release|x64
		{D21AAD43-48E3-48EB-B65B-5845F6EA8D23}.Release|x86.ActiveCfg = Release|Win32
		{D21AAD43-48E3-48EB-B65B-5845F6EA8D23}.Release|x86.Build.0 = Release|Win32
		{85B720DA-4FEE-4F39-A12A-4F420D90F820}.Debug|x64.ActiveCfg = Debug|x64
		{85B720DA-4FEE-4F39-A12A-4F420D90F820}.Debug|x64.Build.0 = Debug|x64
		{85B720DA-4FEE-4F39-A12A-4F420D90F820}.Debug|x86.ActiveCfg = Debug|Win32
		{85B720DA-4FEE-4F39-A12A-4F420D90F820}.Debug|x86.Build.0 = Debug|Win32
		{85B720DA-4FEE-4F39-A12A-4F420D90F820}.Release|x64.ActiveCfg = Release|x64
		{85B720DA-4FEE-4F39-A12A-4F420D90F820}.Release|x64.Build.0 = Release|x64
		{85B720DA-4FEE-4F39-A12A-4F420D90F820}.Release|x86.ActiveCfg = Release|Win32
		{85B720DA-4FEE-4F39-A12A-4F420D90F820}.Release|x86.Build.0 = Release|Win32
		{A9072E97-E57A-4DDF-9FCA-76990F258899}.Debug|x64.ActiveCfg = Debug|x64
		{A9072E97-E57A-4DDF-9FCA-76990F258899}.Debug|x64.Build.0 = Debug|x64
		{A9072E97-E57A-4DDF-9FCA-76990F258899}.Debug|x86.ActiveCfg = Debug|Win32
		{A9072E97-E57A-4DDF-9FCA-76990F258899}.Debug|x86.Build.0 = Debug|Win32
		{A9072E97-E57A-4DDF-9FCA-76990F258899}.Release|x64.ActiveCfg = Release|x64
		{A9072E97-E57A-4DDF-9FCA-76990F258899}.Release|x64.Build.0 = Release|x64
		{A9072E97-E57A-4DDF-9FCA-76990F258899}.Release|x86.ActiveCfg = Release|Win32
		{A9072E97-E57A-4DDF-9FCA-76990F258899}.Release|x86.Build.0 = Release|Win32
		{0B79027C-9BD0-4059-9657-6460A5136965}.Debug|x64.ActiveCfg = Debug|x64
		{0B79027C-9BD0-4059-9657-6460A5136965}.Debug|x64.Build.0 = Debug|x64
		{0B79027C-9BD0-4059-9657-6460A5136965}.Debug|x86.ActiveCfg = Debug|Win32
		{0B79027C-9BD0-4059-9657-6460A5136965}.Debug|x86.Build.0 = Debug|Win32
		{0B79027C-9BD0-4059-9657-6460A5136965}.Release|x64.ActiveCfg = Release|x64
		{0B79027C-9BD0-4059-9657-6460A5136965}.Release|x64.Build.0 = Release|x64
		{0B79027C-9BD0-4059-9657-6460A5136965}.Release|x86.ActiveCfg = Release|Win32
		{0B79027C-9BD0-4059-9657-6460A5136965}.Release|x86.Build.0 = Release|Win32
		{1082B7A7-012B-47F5-98B3-EF25944DA67C}.Debug|x64.ActiveCfg = Debug|x64
		{1082B7A7-012B-47F5-98B3-EF25944DA67C}.Debug|x64.Build.0 = Debug|x64
		{1082B7A7-012B-47F5-98B3-EF25944DA67C}.Debug|x86.ActiveCfg = Debug|Win32
		{1082B7A7-012B-47F5-98B3-EF25944DA67C}.Debug|x86.Build.0 = Debug|Win32
		{1082B7A7-012B-47F5-98B3-EF25944DA67C}.Release|x64.ActiveCfg = Release|x64
		{1082B7A7-012B-47F5-98B3-EF25944DA67C}.Release|x64.Build.0 = Release|x64
		{1082B7A7-012B-47F5-98B3-EF25944DA67C}.Release|x86.ActiveCfg = Release|Win32
		{1082B7A7-012B-47F5-98B3-EF25944DA67C}.Release|x86.Build.0 = Release|Win32
		{A6C05AB5-793B-4704-A0D8-3495E26303BE}.Debug|x64.ActiveCfg = Debug|x64
		{A6C05AB5-793B-4704-A0D8-3495E26303BE}.Debug|x64.Build.0 = Debug|x64
		{A6C05AB5-793B-4704-A0D8-3495E26303BE}.Debug|x86.ActiveCfg = Debug|Win32
		{A6C05AB5-793B-4704-A0D8-3495E26303BE}.Debug|x86.Build.0 = Debug|Win32
		{A6C05AB5-793B-4704-A0D8-3495E26303BE}.Release|x64.ActiveCfg = Release|x64
		{A6C05AB5-793B-4704-A0D8-3495E26303BE}.Release|x64.Build.0 = Release|x64
		{A6C05AB5-793B-4704-A0D8-3495E26303BE}.Release|x86.ActiveCfg = Release|Win32
		{A6C05AB5-793B-4704-A0D8-3495E26303BE}.Release|x86.Build.0 = Release|Win32
		{DE7A1F9D-5A93-4C95-8E76-AC75F4A8FD28}.Debug|x64.ActiveCfg = Debug|x64
		{DE7A1F9D-5A93-4C95-8E76-AC75F4A8FD28}.Debug|x64.Build.0 = Debug|x64
		{DE7A1F9D-5A93-4C95-8E76-AC75F4A8FD28}.Debug|x86.ActiveCfg = Debug|Win32
		{DE7A1F9D-5A93-4C95-8E76-AC75F4A8FD28}.Debug|x86.Build.0 = Debug|Win32
		{DE7A1F9D-5A93-4C95-8E76-AC75F4A8FD28}.Release|x64.ActiveCfg = Release|x64
		{DE7A1F9D-5A93-4C95-8E76-AC75F4A8FD28}.Release|x64.Build.0 = Release|x64
		{DE7A1F9D-5A93-4C95-8E76-AC75F4A8FD28}.Release|x86.ActiveCfg = Release|Win32
		{DE7A1F9D-5A93-4C95-8E76-AC75F4A8FD28}.Release|x86.Build.0 = Release|Win32
		{0DFA4787-BA84-4743-BDDC-8CCB9CF6FAEB}.Debug|x64.ActiveCfg = Debug|x64
		{0DFA4787-BA84-4743-BDDC-8CCB9CF6FAEB}.Debug|x64.Build.0 = Debug|x64
		{0DFA4787-BA84-4743-BDDC-8CCB9CF6FAEB}.Debug|x86.ActiveCfg = Debug|Win32
		{0DFA4787-BA84-4743-BDDC-8CCB9CF6FAEB}.Debug|x86.Build.0 = Debug|Win32
		{0DFA4787-BA84-4743-BDDC-8CCB9CF6FAEB}.Release|x64.ActiveCfg = Release|x64
		{0DFA4787-BA84-4743-BDDC-8CCB9CF6FAEB}.Release|x64.Build.0 = Release|x64
		{0DFA4787-BA84-4743-BDDC-8CCB9CF6FAEB}.Release|x86.ActiveCfg = Release|Win32
		{0DFA4787-BA84-4743-BDDC-8CCB9CF6FAEB}.Release|x86.Build.0 = Release|Win32
		{16BC9FD5-AA87-49EE-99C0-AA15B0AC96F5}.Debug|x64.ActiveCfg = Debug|x64
		{16BC9FD5-AA87-49EE-99C0-AA15B0AC96F5}.Debug|x64.Build.0 = Debug|x64
		{16BC9FD5-AA87-49EE-99C0-AA15B0AC96F5}.Debug|x86.ActiveCfg = Debug|Win32
		{16BC9FD5-AA87-49EE-99C0-AA15B0AC96F5}.Debug|x86.Build.0 = Debug|Win32
		{16BC9FD5-AA87-49EE-99C0-AA15B0AC96F5}.Release|x64.ActiveCfg = Release|x64
		{16BC9FD5-AA87-49EE-99C0-AA15B0AC96F5}.Release|x64.Build.0 = Release|x64
		{16BC9FD5-AA87-49EE-99C0-AA15B0AC96F5}.Release|x86.ActiveCfg = Release|Win32
		{16BC9FD5-AA87-49EE-99C0-AA15B0AC96F5}.Release|x86.Build.0 = Release|Win32
		{A8354E61-D56C-4C26-9E4B-3CC97EE26DA9}.Debug|x64.ActiveCfg = Debug|x64
		{A8354E61-D56C-4C26-9E4B-3CC97EE26DA9}.Debug|x64.Build.0 = Debug|x64
		{A8354E61-D56C-4C26-9E4B-3CC97EE26DA9}.Debug|x86.ActiveCfg = Debug|Win32
		{A8354E61-D56C-4C26-9E4B-3CC97EE26DA9}.Debug|x86.Build.0 = Debug|Win32
		{A8354E61-D56C-4C26-9E4B-3CC97EE26DA9}.Release|x64.ActiveCfg = Release|x64
		{A8354E61-D56C-4C26-9E4B-3CC97EE26DA9}.Release|x64.Build.0 = Release|x64
		{A8354E61-D56C-4C26-9E4B-3CC97EE26DA9}.Release|x86.ActiveCfg = Release|Win32
		{A8354E61-D56C-4C26-9E4B-3CC97EE26DA9}.Release|x86.Build.0 = Release|Win32
		{C91EC5B7-5D6D-46B7-BF13-B41E09100206}.Debug|x64.ActiveCfg = Debug|x64
		{C91EC5B7-5D6D-46B7-BF13-B41E09100206}.Debug|x64.Build.0 = Debug|x64
		{C91EC5B7-5D6D-46B7-BF13-B41E09100206}.Debug|x86.ActiveCfg = Debug|Win32
		{C91EC5B7-5D6D-46B7-BF13-B41E09100206}.Debug|x86.Build.0 = Debug|Win32
		{C91EC5B7-5D6D-46B7-BF13-B41E09100206}.Release|x64.ActiveCfg = Release|x64
		{C91EC5B7-5D6D-46B7-BF13-B41E09100206}.Release|x64.Build.0 = Release|x64
		{C91EC5B7-5D6D-46B7-BF13-B41E09100206}.Release|x86.ActiveCfg = Release|Win32
		{C91EC5B7-5D6D-46B7-BF13-B41E09100206}.Release|x86.Build.0 = Release|Win32
		{CBDF9C3B-3E7B-4257-8811-6AE5A8FF8A02}.Debug|x64.ActiveCfg = Debug|x64
		{CBDF9C3B-3E7B-4257-8811-6AE5A8FF8A02}.Debug|x64.Build.0 = Debug|x64
		{CBDF9C3B-3E7B-4257-8811-6AE5A8FF8A02}.Debug|x86.ActiveCfg = Debug|Win32
		{CBDF9C3B-3E7B-4257-8811-6AE5A8FF8A02}.Debug|x86.Build.0 = Debug|Win32
		{CBDF9C3B-3E7B-4257-8811-6AE5A8FF8A02}.Release|x64.ActiveCfg = Release|x64
		{CBDF9C3B-3E7B-4257-8811-6AE5A8FF8A02}.Release|x64.Build.0 = Release|x64
		{CBDF9C3B-3E7B-4257-8811-6AE5A8FF8A02}.Release|x86.ActiveCfg = Release|Win32
		{CBDF9C3B-3E7B-4257-8811-6AE5A8FF8A02}.Release|x86.Build.0 = Release|Win32
	EndGlobalSection
	GlobalSection(SolutionProperties) = preSolution
		HideSolutionNode = FALSE
	EndGlobalSection
	GlobalSection(ExtensibilityGlobals) = postSolution
		SolutionGuid = {E2E46768-7FF9-483D-9308-5C6A0A9A596D}
	EndGlobalSection
EndGlobal
