
Microsoft Visual Studio Solution File, Format Version 12.00
# Visual Studio 15
VisualStudioVersion = 15.0.28010.2026
MinimumVisualStudioVersion = 10.0.40219.1
Project("{8BC9CEB8-8B4A-11D0-8D11-00A0C91BC942}") = "DollCrainGame", "DollCrainGame\DollCrainGame.vcxproj", "{2C4F7962-38AE-4E7D-BFFA-22D6C7C3258D}"
EndProject
Project("{8BC9CEB8-8B4A-11D0-8D11-00A0C91BC942}") = "String_exam", "String_exam\String_exam.vcxproj", "{D21AAD43-48E3-48EB-B65B-5845F6EA8D23}"
EndProject
Project("{8BC9CEB8-8B4A-11D0-8D11-00A0C91BC942}") = "Keypad", "Keypad\Keypad.vcxproj", "{85B720DA-4FEE-4F39-A12A-4F420D90F820}"
EndProject
Global
	GlobalSection(SolutionConfigurationPlatforms) = preSolution
		Debug|x64 = Debug|x64
		Debug|x86 = Debug|x86
		Release|x64 = Release|x64
		Release|x86 = Release|x86
	EndGlobalSection
	GlobalSection(ProjectConfigurationPlatforms) = postSolution
		{2C4F7962-38AE-4E7D-BFFA-22D6C7C3258D}.Debug|x64.ActiveCfg = Debug|x64
		{2C4F7962-38AE-4E7D-BFFA-22D6C7C3258D}.Debug|x64.Build.0 = Debug|x64
		{2C4F7962-38AE-4E7D-BFFA-22D6C7C3258D}.Debug|x86.ActiveCfg = Debug|Win32
		{2C4F7962-38AE-4E7D-BFFA-22D6C7C3258D}.Debug|x86.Build.0 = Debug|Win32
		{2C4F7962-38AE-4E7D-BFFA-22D6C7C3258D}.Release|x64.ActiveCfg = Release|x64
		{2C4F7962-38AE-4E7D-BFFA-22D6C7C3258D}.Release|x64.Build.0 = Release|x64
		{2C4F7962-38AE-4E7D-BFFA-22D6C7C3258D}.Release|x86.ActiveCfg = Release|Win32
		{2C4F7962-38AE-4E7D-BFFA-22D6C7C3258D}.Release|x86.Build.0 = Release|Win32
		{D21AAD43-48E3-48EB-B65B-5845F6EA8D23}.Debug|x64.ActiveCfg = Debug|x64
		{D21AAD43-48E3-48EB-B65B-5845F6EA8D23}.Debug|x64.Build.0 = Debug|x64
		{D21AAD43-48E3-48EB-B65B-5845F6EA8D23}.Debug|x86.ActiveCfg = Debug|Win32
		{D21AAD43-48E3-48EB-B65B-5845F6EA8D23}.Debug|x86.Build.0 = Debug|Win32
		{D21AAD43-48E3-48EB-B65B-5845F6EA8D23}.Release|x64.ActiveCfg = Release|x64
		{D21AAD43-48E3-48EB-B65B-5845F6EA8D23}.Release|x64.Build.0 = Release|x64
		{D21AAD43-48E3-48EB-B65B-5845F6EA8D23}.Release|x86.ActiveCfg = Release|Win32
		{D21AAD43-48E3-48EB-B65B-5845F6EA8D23}.Release|x86.Build.0 = Release|Win32
		{85B720DA-4FEE-4F39-A12A-4F420D90F820}.Debug|x64.ActiveCfg = Debug|x64
		{85B720DA-4FEE-4F39-A12A-4F420D90F820}.Debug|x64.Build.0 = Debug|x64
		{85B720DA-4FEE-4F39-A12A-4F420D90F820}.Debug|x86.ActiveCfg = Debug|Win32
		{85B720DA-4FEE-4F39-A12A-4F420D90F820}.Debug|x86.Build.0 = Debug|Win32
		{85B720DA-4FEE-4F39-A12A-4F420D90F820}.Release|x64.ActiveCfg = Release|x64
		{85B720DA-4FEE-4F39-A12A-4F420D90F820}.Release|x64.Build.0 = Release|x64
		{85B720DA-4FEE-4F39-A12A-4F420D90F820}.Release|x86.ActiveCfg = Release|Win32
		{85B720DA-4FEE-4F39-A12A-4F420D90F820}.Release|x86.Build.0 = Release|Win32
	EndGlobalSection
	GlobalSection(SolutionProperties) = preSolution
		HideSolutionNode = FALSE
	EndGlobalSection
	GlobalSection(ExtensibilityGlobals) = postSolution
		SolutionGuid = {E2E46768-7FF9-483D-9308-5C6A0A9A596D}
	EndGlobalSection
EndGlobal
